
Microsoft Visual Studio Solution File, Format Version 12.00
# Visual Studio Version 16
VisualStudioVersion = 16.0.31005.135
MinimumVisualStudioVersion = 10.0.40219.1
Project("{8BC9CEB8-8B4A-11D0-8D11-00A0C91BC942}") = "BlockStore", "BlockStore\BlockStore.vcxproj", "{92AB966B-FEFC-4D2D-B776-2360F95F6BC2}"
EndProject
Project("{8BC9CEB8-8B4A-11D0-8D11-00A0C91BC942}") = "Test", "Test\Test.vcxproj", "{987135FD-6235-4312-966A-133D11722C4D}"
EndProject
Global
	GlobalSection(SolutionConfigurationPlatforms) = preSolution
		Debug|x64 = Debug|x64
		Debug|x86 = Debug|x86
		Release|x64 = Release|x64
		Release|x86 = Release|x86
	EndGlobalSection
	GlobalSection(ProjectConfigurationPlatforms) = postSolution
		{92AB966B-FEFC-4D2D-B776-2360F95F6BC2}.Debug|x64.ActiveCfg = Debug|x64
		{92AB966B-FEFC-4D2D-B776-2360F95F6BC2}.Debug|x64.Build.0 = Debug|x64
		{92AB966B-FEFC-4D2D-B776-2360F95F6BC2}.Debug|x86.ActiveCfg = Debug|Win32
		{92AB966B-FEFC-4D2D-B776-2360F95F6BC2}.Debug|x86.Build.0 = Debug|Win32
		{92AB966B-FEFC-4D2D-B776-2360F95F6BC2}.Release|x64.ActiveCfg = Release|x64
		{92AB966B-FEFC-4D2D-B776-2360F95F6BC2}.Release|x64.Build.0 = Release|x64
		{92AB966B-FEFC-4D2D-B776-2360F95F6BC2}.Release|x86.ActiveCfg = Release|Win32
		{92AB966B-FEFC-4D2D-B776-2360F95F6BC2}.Release|x86.Build.0 = Release|Win32
		{987135FD-6235-4312-966A-133D11722C4D}.Debug|x64.ActiveCfg = Debug|x64
		{987135FD-6235-4312-966A-133D11722C4D}.Debug|x64.Build.0 = Debug|x64
		{987135FD-6235-4312-966A-133D11722C4D}.Debug|x86.ActiveCfg = Debug|Win32
		{987135FD-6235-4312-966A-133D11722C4D}.Debug|x86.Build.0 = Debug|Win32
		{987135FD-6235-4312-966A-133D11722C4D}.Release|x64.ActiveCfg = Release|x64
		{987135FD-6235-4312-966A-133D11722C4D}.Release|x64.Build.0 = Release|x64
		{987135FD-6235-4312-966A-133D11722C4D}.Release|x86.ActiveCfg = Release|Win32
		{987135FD-6235-4312-966A-133D11722C4D}.Release|x86.Build.0 = Release|Win32
	EndGlobalSection
	GlobalSection(SolutionProperties) = preSolution
		HideSolutionNode = FALSE
	EndGlobalSection
	GlobalSection(ExtensibilityGlobals) = postSolution
		SolutionGuid = {EDCA82DD-C748-48F8-9A7E-9CD8AB988576}
	EndGlobalSection
EndGlobal
